// !$*UTF8*$!
{
	archiveVersion = 1;
	classes = {
	};
	objectVersion = 56;
	objects = {

/* Begin PBXBuildFile section */
		85A195912B9B6A8F006B4675 /* TrialMapApp.swift in Sources */ = {isa = PBXBuildFile; fileRef = 85A195902B9B6A8F006B4675 /* TrialMapApp.swift */; };
		85A195932B9B6A8F006B4675 /* ContentView.swift in Sources */ = {isa = PBXBuildFile; fileRef = 85A195922B9B6A8F006B4675 /* ContentView.swift */; };
		85A195952B9B6A91006B4675 /* Assets.xcassets in Resources */ = {isa = PBXBuildFile; fileRef = 85A195942B9B6A91006B4675 /* Assets.xcassets */; };
		85A195982B9B6A91006B4675 /* Preview Assets.xcassets in Resources */ = {isa = PBXBuildFile; fileRef = 85A195972B9B6A91006B4675 /* Preview Assets.xcassets */; };
		85A195A22B9B6A91006B4675 /* TrialMapTests.swift in Sources */ = {isa = PBXBuildFile; fileRef = 85A195A12B9B6A91006B4675 /* TrialMapTests.swift */; };
		85A195AC2B9B6A91006B4675 /* TrialMapUITests.swift in Sources */ = {isa = PBXBuildFile; fileRef = 85A195AB2B9B6A91006B4675 /* TrialMapUITests.swift */; };
		85A195AE2B9B6A91006B4675 /* TrialMapUITestsLaunchTests.swift in Sources */ = {isa = PBXBuildFile; fileRef = 85A195AD2B9B6A91006B4675 /* TrialMapUITestsLaunchTests.swift */; };
		85A195BB2B9B6DAE006B4675 /* number3.swift in Sources */ = {isa = PBXBuildFile; fileRef = 85A195BA2B9B6DAE006B4675 /* number3.swift */; };
		85A195BD2B9B6DB9006B4675 /* number2.swift in Sources */ = {isa = PBXBuildFile; fileRef = 85A195BC2B9B6DB9006B4675 /* number2.swift */; };
/* End PBXBuildFile section */

/* Begin PBXContainerItemProxy section */
		85A1959E2B9B6A91006B4675 /* PBXContainerItemProxy */ = {
			isa = PBXContainerItemProxy;
			containerPortal = 85A195852B9B6A8F006B4675 /* Project object */;
			proxyType = 1;
			remoteGlobalIDString = 85A1958C2B9B6A8F006B4675;
			remoteInfo = TrialMap;
		};
		85A195A82B9B6A91006B4675 /* PBXContainerItemProxy */ = {
			isa = PBXContainerItemProxy;
			containerPortal = 85A195852B9B6A8F006B4675 /* Project object */;
			proxyType = 1;
			remoteGlobalIDString = 85A1958C2B9B6A8F006B4675;
			remoteInfo = TrialMap;
		};
/* End PBXContainerItemProxy section */

/* Begin PBXFileReference section */
		85A1958D2B9B6A8F006B4675 /* TrialMap.app */ = {isa = PBXFileReference; explicitFileType = wrapper.application; includeInIndex = 0; path = TrialMap.app; sourceTree = BUILT_PRODUCTS_DIR; };
		85A195902B9B6A8F006B4675 /* TrialMapApp.swift */ = {isa = PBXFileReference; lastKnownFileType = sourcecode.swift; path = TrialMapApp.swift; sourceTree = "<group>"; };
		85A195922B9B6A8F006B4675 /* ContentView.swift */ = {isa = PBXFileReference; lastKnownFileType = sourcecode.swift; path = ContentView.swift; sourceTree = "<group>"; };
		85A195942B9B6A91006B4675 /* Assets.xcassets */ = {isa = PBXFileReference; lastKnownFileType = folder.assetcatalog; path = Assets.xcassets; sourceTree = "<group>"; };
		85A195972B9B6A91006B4675 /* Preview Assets.xcassets */ = {isa = PBXFileReference; lastKnownFileType = folder.assetcatalog; path = "Preview Assets.xcassets"; sourceTree = "<group>"; };
		85A1959D2B9B6A91006B4675 /* TrialMapTests.xctest */ = {isa = PBXFileReference; explicitFileType = wrapper.cfbundle; includeInIndex = 0; path = TrialMapTests.xctest; sourceTree = BUILT_PRODUCTS_DIR; };
		85A195A12B9B6A91006B4675 /* TrialMapTests.swift */ = {isa = PBXFileReference; lastKnownFileType = sourcecode.swift; path = TrialMapTests.swift; sourceTree = "<group>"; };
		85A195A72B9B6A91006B4675 /* TrialMapUITests.xctest */ = {isa = PBXFileReference; explicitFileType = wrapper.cfbundle; includeInIndex = 0; path = TrialMapUITests.xctest; sourceTree = BUILT_PRODUCTS_DIR; };
		85A195AB2B9B6A91006B4675 /* TrialMapUITests.swift */ = {isa = PBXFileReference; lastKnownFileType = sourcecode.swift; path = TrialMapUITests.swift; sourceTree = "<group>"; };
		85A195AD2B9B6A91006B4675 /* TrialMapUITestsLaunchTests.swift */ = {isa = PBXFileReference; lastKnownFileType = sourcecode.swift; path = TrialMapUITestsLaunchTests.swift; sourceTree = "<group>"; };
		85A195BA2B9B6DAE006B4675 /* number3.swift */ = {isa = PBXFileReference; lastKnownFileType = sourcecode.swift; path = number3.swift; sourceTree = "<group>"; };
		85A195BC2B9B6DB9006B4675 /* number2.swift */ = {isa = PBXFileReference; lastKnownFileType = sourcecode.swift; path = number2.swift; sourceTree = "<group>"; };
/* End PBXFileReference section */

/* Begin PBXFrameworksBuildPhase section */
		85A1958A2B9B6A8F006B4675 /* Frameworks */ = {
			isa = PBXFrameworksBuildPhase;
			buildActionMask = 2147483647;
			files = (
			);
			runOnlyForDeploymentPostprocessing = 0;
		};
		85A1959A2B9B6A91006B4675 /* Frameworks */ = {
			isa = PBXFrameworksBuildPhase;
			buildActionMask = 2147483647;
			files = (
			);
			runOnlyForDeploymentPostprocessing = 0;
		};
		85A195A42B9B6A91006B4675 /* Frameworks */ = {
			isa = PBXFrameworksBuildPhase;
			buildActionMask = 2147483647;
			files = (
			);
			runOnlyForDeploymentPostprocessing = 0;
		};
/* End PBXFrameworksBuildPhase section */

/* Begin PBXGroup section */
		85A195842B9B6A8F006B4675 = {
			isa = PBXGroup;
			children = (
				85A1958F2B9B6A8F006B4675 /* TrialMap */,
				85A195A02B9B6A91006B4675 /* TrialMapTests */,
				85A195AA2B9B6A91006B4675 /* TrialMapUITests */,
				85A1958E2B9B6A8F006B4675 /* Products */,
			);
			sourceTree = "<group>";
		};
		85A1958E2B9B6A8F006B4675 /* Products */ = {
			isa = PBXGroup;
			children = (
				85A1958D2B9B6A8F006B4675 /* TrialMap.app */,
				85A1959D2B9B6A91006B4675 /* TrialMapTests.xctest */,
				85A195A72B9B6A91006B4675 /* TrialMapUITests.xctest */,
			);
			name = Products;
			sourceTree = "<group>";
		};
		85A1958F2B9B6A8F006B4675 /* TrialMap */ = {
			isa = PBXGroup;
			children = (
				85A195902B9B6A8F006B4675 /* TrialMapApp.swift */,
				85A195922B9B6A8F006B4675 /* ContentView.swift */,
				85A195BA2B9B6DAE006B4675 /* number3.swift */,
				85A195BC2B9B6DB9006B4675 /* number2.swift */,
				85A195942B9B6A91006B4675 /* Assets.xcassets */,
				85A195962B9B6A91006B4675 /* Preview Content */,
			);
			path = TrialMap;
			sourceTree = "<group>";
		};
		85A195962B9B6A91006B4675 /* Preview Content */ = {
			isa = PBXGroup;
			children = (
				85A195972B9B6A91006B4675 /* Preview Assets.xcassets */,
			);
			path = "Preview Content";
			sourceTree = "<group>";
		};
		85A195A02B9B6A91006B4675 /* TrialMapTests */ = {
			isa = PBXGroup;
			children = (
				85A195A12B9B6A91006B4675 /* TrialMapTests.swift */,
			);
			path = TrialMapTests;
			sourceTree = "<group>";
		};
		85A195AA2B9B6A91006B4675 /* TrialMapUITests */ = {
			isa = PBXGroup;
			children = (
				85A195AB2B9B6A91006B4675 /* TrialMapUITests.swift */,
				85A195AD2B9B6A91006B4675 /* TrialMapUITestsLaunchTests.swift */,
			);
			path = TrialMapUITests;
			sourceTree = "<group>";
		};
/* End PBXGroup section */

/* Begin PBXNativeTarget section */
		85A1958C2B9B6A8F006B4675 /* TrialMap */ = {
			isa = PBXNativeTarget;
			buildConfigurationList = 85A195B12B9B6A91006B4675 /* Build configuration list for PBXNativeTarget "TrialMap" */;
			buildPhases = (
				85A195892B9B6A8F006B4675 /* Sources */,
				85A1958A2B9B6A8F006B4675 /* Frameworks */,
				85A1958B2B9B6A8F006B4675 /* Resources */,
			);
			buildRules = (
			);
			dependencies = (
			);
			name = TrialMap;
			productName = TrialMap;
			productReference = 85A1958D2B9B6A8F006B4675 /* TrialMap.app */;
			productType = "com.apple.product-type.application";
		};
		85A1959C2B9B6A91006B4675 /* TrialMapTests */ = {
			isa = PBXNativeTarget;
			buildConfigurationList = 85A195B42B9B6A91006B4675 /* Build configuration list for PBXNativeTarget "TrialMapTests" */;
			buildPhases = (
				85A195992B9B6A91006B4675 /* Sources */,
				85A1959A2B9B6A91006B4675 /* Frameworks */,
				85A1959B2B9B6A91006B4675 /* Resources */,
			);
			buildRules = (
			);
			dependencies = (
				85A1959F2B9B6A91006B4675 /* PBXTargetDependency */,
			);
			name = TrialMapTests;
			productName = TrialMapTests;
			productReference = 85A1959D2B9B6A91006B4675 /* TrialMapTests.xctest */;
			productType = "com.apple.product-type.bundle.unit-test";
		};
		85A195A62B9B6A91006B4675 /* TrialMapUITests */ = {
			isa = PBXNativeTarget;
			buildConfigurationList = 85A195B72B9B6A91006B4675 /* Build configuration list for PBXNativeTarget "TrialMapUITests" */;
			buildPhases = (
				85A195A32B9B6A91006B4675 /* Sources */,
				85A195A42B9B6A91006B4675 /* Frameworks */,
				85A195A52B9B6A91006B4675 /* Resources */,
			);
			buildRules = (
			);
			dependencies = (
				85A195A92B9B6A91006B4675 /* PBXTargetDependency */,
			);
			name = TrialMapUITests;
			productName = TrialMapUITests;
			productReference = 85A195A72B9B6A91006B4675 /* TrialMapUITests.xctest */;
			productType = "com.apple.product-type.bundle.ui-testing";
		};
/* End PBXNativeTarget section */

/* Begin PBXProject section */
		85A195852B9B6A8F006B4675 /* Project object */ = {
			isa = PBXProject;
			attributes = {
				BuildIndependentTargetsInParallel = 1;
				LastSwiftUpdateCheck = 1530;
				LastUpgradeCheck = 1530;
				TargetAttributes = {
					85A1958C2B9B6A8F006B4675 = {
						CreatedOnToolsVersion = 15.3;
					};
					85A1959C2B9B6A91006B4675 = {
						CreatedOnToolsVersion = 15.3;
						TestTargetID = 85A1958C2B9B6A8F006B4675;
					};
					85A195A62B9B6A91006B4675 = {
						CreatedOnToolsVersion = 15.3;
						TestTargetID = 85A1958C2B9B6A8F006B4675;
					};
				};
			};
			buildConfigurationList = 85A195882B9B6A8F006B4675 /* Build configuration list for PBXProject "TrialMap" */;
			compatibilityVersion = "Xcode 14.0";
			developmentRegion = en;
			hasScannedForEncodings = 0;
			knownRegions = (
				en,
				Base,
			);
			mainGroup = 85A195842B9B6A8F006B4675;
			packageReferences = (
				857071A92BAB9F2E0098ABD4 /* XCRemoteSwiftPackageReference "firebase-ios-sdk" */,
			);
			productRefGroup = 85A1958E2B9B6A8F006B4675 /* Products */;
			projectDirPath = "";
			projectRoot = "";
			targets = (
				85A1958C2B9B6A8F006B4675 /* TrialMap */,
				85A1959C2B9B6A91006B4675 /* TrialMapTests */,
				85A195A62B9B6A91006B4675 /* TrialMapUITests */,
			);
		};
/* End PBXProject section */

/* Begin PBXResourcesBuildPhase section */
		85A1958B2B9B6A8F006B4675 /* Resources */ = {
			isa = PBXResourcesBuildPhase;
			buildActionMask = 2147483647;
			files = (
				85A195982B9B6A91006B4675 /* Preview Assets.xcassets in Resources */,
				85A195952B9B6A91006B4675 /* Assets.xcassets in Resources */,
			);
			runOnlyForDeploymentPostprocessing = 0;
		};
		85A1959B2B9B6A91006B4675 /* Resources */ = {
			isa = PBXResourcesBuildPhase;
			buildActionMask = 2147483647;
			files = (
			);
			runOnlyForDeploymentPostprocessing = 0;
		};
		85A195A52B9B6A91006B4675 /* Resources */ = {
			isa = PBXResourcesBuildPhase;
			buildActionMask = 2147483647;
			files = (
			);
			runOnlyForDeploymentPostprocessing = 0;
		};
/* End PBXResourcesBuildPhase section */

/* Begin PBXSourcesBuildPhase section */
		85A195892B9B6A8F006B4675 /* Sources */ = {
			isa = PBXSourcesBuildPhase;
			buildActionMask = 2147483647;
			files = (
				85A195BB2B9B6DAE006B4675 /* number3.swift in Sources */,
				85A195932B9B6A8F006B4675 /* ContentView.swift in Sources */,
				85A195912B9B6A8F006B4675 /* TrialMapApp.swift in Sources */,
				85A195BD2B9B6DB9006B4675 /* number2.swift in Sources */,
			);
			runOnlyForDeploymentPostprocessing = 0;
		};
		85A195992B9B6A91006B4675 /* Sources */ = {
			isa = PBXSourcesBuildPhase;
			buildActionMask = 2147483647;
			files = (
				85A195A22B9B6A91006B4675 /* TrialMapTests.swift in Sources */,
			);
			runOnlyForDeploymentPostprocessing = 0;
		};
		85A195A32B9B6A91006B4675 /* Sources */ = {
			isa = PBXSourcesBuildPhase;
			buildActionMask = 2147483647;
			files = (
				85A195AE2B9B6A91006B4675 /* TrialMapUITestsLaunchTests.swift in Sources */,
				85A195AC2B9B6A91006B4675 /* TrialMapUITests.swift in Sources */,
			);
			runOnlyForDeploymentPostprocessing = 0;
		};
/* End PBXSourcesBuildPhase section */

/* Begin PBXTargetDependency section */
		85A1959F2B9B6A91006B4675 /* PBXTargetDependency */ = {
			isa = PBXTargetDependency;
			target = 85A1958C2B9B6A8F006B4675 /* TrialMap */;
			targetProxy = 85A1959E2B9B6A91006B4675 /* PBXContainerItemProxy */;
		};
		85A195A92B9B6A91006B4675 /* PBXTargetDependency */ = {
			isa = PBXTargetDependency;
			target = 85A1958C2B9B6A8F006B4675 /* TrialMap */;
			targetProxy = 85A195A82B9B6A91006B4675 /* PBXContainerItemProxy */;
		};
/* End PBXTargetDependency section */

/* Begin XCBuildConfiguration section */
		85A195AF2B9B6A91006B4675 /* Debug */ = {
			isa = XCBuildConfiguration;
			buildSettings = {
				ALWAYS_SEARCH_USER_PATHS = NO;
				ASSETCATALOG_COMPILER_GENERATE_SWIFT_ASSET_SYMBOL_EXTENSIONS = YES;
				CLANG_ANALYZER_NONNULL = YES;
				CLANG_ANALYZER_NUMBER_OBJECT_CONVERSION = YES_AGGRESSIVE;
				CLANG_CXX_LANGUAGE_STANDARD = "gnu++20";
				CLANG_ENABLE_MODULES = YES;
				CLANG_ENABLE_OBJC_ARC = YES;
				CLANG_ENABLE_OBJC_WEAK = YES;
				CLANG_WARN_BLOCK_CAPTURE_AUTORELEASING = YES;
				CLANG_WARN_BOOL_CONVERSION = YES;
				CLANG_WARN_COMMA = YES;
				CLANG_WARN_CONSTANT_CONVERSION = YES;
				CLANG_WARN_DEPRECATED_OBJC_IMPLEMENTATIONS = YES;
				CLANG_WARN_DIRECT_OBJC_ISA_USAGE = YES_ERROR;
				CLANG_WARN_DOCUMENTATION_COMMENTS = YES;
				CLANG_WARN_EMPTY_BODY = YES;
				CLANG_WARN_ENUM_CONVERSION = YES;
				CLANG_WARN_INFINITE_RECURSION = YES;
				CLANG_WARN_INT_CONVERSION = YES;
				CLANG_WARN_NON_LITERAL_NULL_CONVERSION = YES;
				CLANG_WARN_OBJC_IMPLICIT_RETAIN_SELF = YES;
				CLANG_WARN_OBJC_LITERAL_CONVERSION = YES;
				CLANG_WARN_OBJC_ROOT_CLASS = YES_ERROR;
				CLANG_WARN_QUOTED_INCLUDE_IN_FRAMEWORK_HEADER = YES;
				CLANG_WARN_RANGE_LOOP_ANALYSIS = YES;
				CLANG_WARN_STRICT_PROTOTYPES = YES;
				CLANG_WARN_SUSPICIOUS_MOVE = YES;
				CLANG_WARN_UNGUARDED_AVAILABILITY = YES_AGGRESSIVE;
				CLANG_WARN_UNREACHABLE_CODE = YES;
				CLANG_WARN__DUPLICATE_METHOD_MATCH = YES;
				COPY_PHASE_STRIP = NO;
				DEBUG_INFORMATION_FORMAT = dwarf;
				ENABLE_STRICT_OBJC_MSGSEND = YES;
				ENABLE_TESTABILITY = YES;
				ENABLE_USER_SCRIPT_SANDBOXING = YES;
				GCC_C_LANGUAGE_STANDARD = gnu17;
				GCC_DYNAMIC_NO_PIC = NO;
				GCC_NO_COMMON_BLOCKS = YES;
				GCC_OPTIMIZATION_LEVEL = 0;
				GCC_PREPROCESSOR_DEFINITIONS = (
					"DEBUG=1",
					"$(inherited)",
				);
				GCC_WARN_64_TO_32_BIT_CONVERSION = YES;
				GCC_WARN_ABOUT_RETURN_TYPE = YES_ERROR;
				GCC_WARN_UNDECLARED_SELECTOR = YES;
				GCC_WARN_UNINITIALIZED_AUTOS = YES_AGGRESSIVE;
				GCC_WARN_UNUSED_FUNCTION = YES;
				GCC_WARN_UNUSED_VARIABLE = YES;
				IPHONEOS_DEPLOYMENT_TARGET = 17.4;
				LOCALIZATION_PREFERS_STRING_CATALOGS = YES;
				MTL_ENABLE_DEBUG_INFO = INCLUDE_SOURCE;
				MTL_FAST_MATH = YES;
				ONLY_ACTIVE_ARCH = YES;
				SDKROOT = iphoneos;
				SWIFT_ACTIVE_COMPILATION_CONDITIONS = "DEBUG $(inherited)";
				SWIFT_OPTIMIZATION_LEVEL = "-Onone";
			};
			name = Debug;
		};
		85A195B02B9B6A91006B4675 /* Release */ = {
			isa = XCBuildConfiguration;
			buildSettings = {
				ALWAYS_SEARCH_USER_PATHS = NO;
				ASSETCATALOG_COMPILER_GENERATE_SWIFT_ASSET_SYMBOL_EXTENSIONS = YES;
				CLANG_ANALYZER_NONNULL = YES;
				CLANG_ANALYZER_NUMBER_OBJECT_CONVERSION = YES_AGGRESSIVE;
				CLANG_CXX_LANGUAGE_STANDARD = "gnu++20";
				CLANG_ENABLE_MODULES = YES;
				CLANG_ENABLE_OBJC_ARC = YES;
				CLANG_ENABLE_OBJC_WEAK = YES;
				CLANG_WARN_BLOCK_CAPTURE_AUTORELEASING = YES;
				CLANG_WARN_BOOL_CONVERSION = YES;
				CLANG_WARN_COMMA = YES;
				CLANG_WARN_CONSTANT_CONVERSION = YES;
				CLANG_WARN_DEPRECATED_OBJC_IMPLEMENTATIONS = YES;
				CLANG_WARN_DIRECT_OBJC_ISA_USAGE = YES_ERROR;
				CLANG_WARN_DOCUMENTATION_COMMENTS = YES;
				CLANG_WARN_EMPTY_BODY = YES;
				CLANG_WARN_ENUM_CONVERSION = YES;
				CLANG_WARN_INFINITE_RECURSION = YES;
				CLANG_WARN_INT_CONVERSION = YES;
				CLANG_WARN_NON_LITERAL_NULL_CONVERSION = YES;
				CLANG_WARN_OBJC_IMPLICIT_RETAIN_SELF = YES;
				CLANG_WARN_OBJC_LITERAL_CONVERSION = YES;
				CLANG_WARN_OBJC_ROOT_CLASS = YES_ERROR;
				CLANG_WARN_QUOTED_INCLUDE_IN_FRAMEWORK_HEADER = YES;
				CLANG_WARN_RANGE_LOOP_ANALYSIS = YES;
				CLANG_WARN_STRICT_PROTOTYPES = YES;
				CLANG_WARN_SUSPICIOUS_MOVE = YES;
				CLANG_WARN_UNGUARDED_AVAILABILITY = YES_AGGRESSIVE;
				CLANG_WARN_UNREACHABLE_CODE = YES;
				CLANG_WARN__DUPLICATE_METHOD_MATCH = YES;
				COPY_PHASE_STRIP = NO;
				DEBUG_INFORMATION_FORMAT = "dwarf-with-dsym";
				ENABLE_NS_ASSERTIONS = NO;
				ENABLE_STRICT_OBJC_MSGSEND = YES;
				ENABLE_USER_SCRIPT_SANDBOXING = YES;
				GCC_C_LANGUAGE_STANDARD = gnu17;
				GCC_NO_COMMON_BLOCKS = YES;
				GCC_WARN_64_TO_32_BIT_CONVERSION = YES;
				GCC_WARN_ABOUT_RETURN_TYPE = YES_ERROR;
				GCC_WARN_UNDECLARED_SELECTOR = YES;
				GCC_WARN_UNINITIALIZED_AUTOS = YES_AGGRESSIVE;
				GCC_WARN_UNUSED_FUNCTION = YES;
				GCC_WARN_UNUSED_VARIABLE = YES;
				IPHONEOS_DEPLOYMENT_TARGET = 17.4;
				LOCALIZATION_PREFERS_STRING_CATALOGS = YES;
				MTL_ENABLE_DEBUG_INFO = NO;
				MTL_FAST_MATH = YES;
				SDKROOT = iphoneos;
				SWIFT_COMPILATION_MODE = wholemodule;
				VALIDATE_PRODUCT = YES;
			};
			name = Release;
		};
		85A195B22B9B6A91006B4675 /* Debug */ = {
			isa = XCBuildConfiguration;
			buildSettings = {
				ASSETCATALOG_COMPILER_APPICON_NAME = AppIcon;
				ASSETCATALOG_COMPILER_GLOBAL_ACCENT_COLOR_NAME = AccentColor;
				CODE_SIGN_STYLE = Automatic;
				CURRENT_PROJECT_VERSION = 1;
				DEVELOPMENT_ASSET_PATHS = "\"TrialMap/Preview Content\"";
				DEVELOPMENT_TEAM = WHB97KRP2U;
				ENABLE_PREVIEWS = YES;
				GENERATE_INFOPLIST_FILE = YES;
				INFOPLIST_KEY_UIApplicationSceneManifest_Generation = YES;
				INFOPLIST_KEY_UIApplicationSupportsIndirectInputEvents = YES;
				INFOPLIST_KEY_UILaunchScreen_Generation = YES;
				INFOPLIST_KEY_UISupportedInterfaceOrientations_iPad = "UIInterfaceOrientationPortrait UIInterfaceOrientationPortraitUpsideDown UIInterfaceOrientationLandscapeLeft UIInterfaceOrientationLandscapeRight";
				INFOPLIST_KEY_UISupportedInterfaceOrientations_iPhone = "UIInterfaceOrientationPortrait UIInterfaceOrientationLandscapeLeft UIInterfaceOrientationLandscapeRight";
				LD_RUNPATH_SEARCH_PATHS = (
					"$(inherited)",
					"@executable_path/Frameworks",
				);
				MARKETING_VERSION = 1.0;
				PRODUCT_BUNDLE_IDENTIFIER = AbrahamOrganiship.TrialMap;
				PRODUCT_NAME = "$(TARGET_NAME)";
				SWIFT_EMIT_LOC_STRINGS = YES;
				SWIFT_VERSION = 5.0;
				TARGETED_DEVICE_FAMILY = "1,2";
			};
			name = Debug;
		};
		85A195B32B9B6A91006B4675 /* Release */ = {
			isa = XCBuildConfiguration;
			buildSettings = {
				ASSETCATALOG_COMPILER_APPICON_NAME = AppIcon;
				ASSETCATALOG_COMPILER_GLOBAL_ACCENT_COLOR_NAME = AccentColor;
				CODE_SIGN_STYLE = Automatic;
				CURRENT_PROJECT_VERSION = 1;
				DEVELOPMENT_ASSET_PATHS = "\"TrialMap/Preview Content\"";
				DEVELOPMENT_TEAM = WHB97KRP2U;
				ENABLE_PREVIEWS = YES;
				GENERATE_INFOPLIST_FILE = YES;
				INFOPLIST_KEY_UIApplicationSceneManifest_Generation = YES;
				INFOPLIST_KEY_UIApplicationSupportsIndirectInputEvents = YES;
				INFOPLIST_KEY_UILaunchScreen_Generation = YES;
				INFOPLIST_KEY_UISupportedInterfaceOrientations_iPad = "UIInterfaceOrientationPortrait UIInterfaceOrientationPortraitUpsideDown UIInterfaceOrientationLandscapeLeft UIInterfaceOrientationLandscapeRight";
				INFOPLIST_KEY_UISupportedInterfaceOrientations_iPhone = "UIInterfaceOrientationPortrait UIInterfaceOrientationLandscapeLeft UIInterfaceOrientationLandscapeRight";
				LD_RUNPATH_SEARCH_PATHS = (
					"$(inherited)",
					"@executable_path/Frameworks",
				);
				MARKETING_VERSION = 1.0;
				PRODUCT_BUNDLE_IDENTIFIER = AbrahamOrganiship.TrialMap;
				PRODUCT_NAME = "$(TARGET_NAME)";
				SWIFT_EMIT_LOC_STRINGS = YES;
				SWIFT_VERSION = 5.0;
				TARGETED_DEVICE_FAMILY = "1,2";
			};
			name = Release;
		};
		85A195B52B9B6A91006B4675 /* Debug */ = {
			isa = XCBuildConfiguration;
			buildSettings = {
				ALWAYS_EMBED_SWIFT_STANDARD_LIBRARIES = YES;
				BUNDLE_LOADER = "$(TEST_HOST)";
				CODE_SIGN_STYLE = Automatic;
				CURRENT_PROJECT_VERSION = 1;
				DEVELOPMENT_TEAM = WHB97KRP2U;
				GENERATE_INFOPLIST_FILE = YES;
				IPHONEOS_DEPLOYMENT_TARGET = 17.4;
				MARKETING_VERSION = 1.0;
				PRODUCT_BUNDLE_IDENTIFIER = AbrahamOrganiship.TrialMapTests;
				PRODUCT_NAME = "$(TARGET_NAME)";
				SWIFT_EMIT_LOC_STRINGS = NO;
				SWIFT_VERSION = 5.0;
				TARGETED_DEVICE_FAMILY = "1,2";
				TEST_HOST = "$(BUILT_PRODUCTS_DIR)/TrialMap.app/$(BUNDLE_EXECUTABLE_FOLDER_PATH)/TrialMap";
			};
			name = Debug;
		};
		85A195B62B9B6A91006B4675 /* Release */ = {
			isa = XCBuildConfiguration;
			buildSettings = {
				ALWAYS_EMBED_SWIFT_STANDARD_LIBRARIES = YES;
				BUNDLE_LOADER = "$(TEST_HOST)";
				CODE_SIGN_STYLE = Automatic;
				CURRENT_PROJECT_VERSION = 1;
				DEVELOPMENT_TEAM = WHB97KRP2U;
				GENERATE_INFOPLIST_FILE = YES;
				IPHONEOS_DEPLOYMENT_TARGET = 17.4;
				MARKETING_VERSION = 1.0;
				PRODUCT_BUNDLE_IDENTIFIER = AbrahamOrganiship.TrialMapTests;
				PRODUCT_NAME = "$(TARGET_NAME)";
				SWIFT_EMIT_LOC_STRINGS = NO;
				SWIFT_VERSION = 5.0;
				TARGETED_DEVICE_FAMILY = "1,2";
				TEST_HOST = "$(BUILT_PRODUCTS_DIR)/TrialMap.app/$(BUNDLE_EXECUTABLE_FOLDER_PATH)/TrialMap";
			};
			name = Release;
		};
		85A195B82B9B6A91006B4675 /* Debug */ = {
			isa = XCBuildConfiguration;
			buildSettings = {
				ALWAYS_EMBED_SWIFT_STANDARD_LIBRARIES = YES;
				CODE_SIGN_STYLE = Automatic;
				CURRENT_PROJECT_VERSION = 1;
				DEVELOPMENT_TEAM = WHB97KRP2U;
				GENERATE_INFOPLIST_FILE = YES;
				MARKETING_VERSION = 1.0;
				PRODUCT_BUNDLE_IDENTIFIER = AbrahamOrganiship.TrialMapUITests;
				PRODUCT_NAME = "$(TARGET_NAME)";
				SWIFT_EMIT_LOC_STRINGS = NO;
				SWIFT_VERSION = 5.0;
				TARGETED_DEVICE_FAMILY = "1,2";
				TEST_TARGET_NAME = TrialMap;
			};
			name = Debug;
		};
		85A195B92B9B6A91006B4675 /* Release */ = {
			isa = XCBuildConfiguration;
			buildSettings = {
				ALWAYS_EMBED_SWIFT_STANDARD_LIBRARIES = YES;
				CODE_SIGN_STYLE = Automatic;
				CURRENT_PROJECT_VERSION = 1;
				DEVELOPMENT_TEAM = WHB97KRP2U;
				GENERATE_INFOPLIST_FILE = YES;
				MARKETING_VERSION = 1.0;
				PRODUCT_BUNDLE_IDENTIFIER = AbrahamOrganiship.TrialMapUITests;
				PRODUCT_NAME = "$(TARGET_NAME)";
				SWIFT_EMIT_LOC_STRINGS = NO;
				SWIFT_VERSION = 5.0;
				TARGETED_DEVICE_FAMILY = "1,2";
				TEST_TARGET_NAME = TrialMap;
			};
			name = Release;
		};
/* End XCBuildConfiguration section */

/* Begin XCConfigurationList section */
		85A195882B9B6A8F006B4675 /* Build configuration list for PBXProject "TrialMap" */ = {
			isa = XCConfigurationList;
			buildConfigurations = (
				85A195AF2B9B6A91006B4675 /* Debug */,
				85A195B02B9B6A91006B4675 /* Release */,
			);
			defaultConfigurationIsVisible = 0;
			defaultConfigurationName = Release;
		};
		85A195B12B9B6A91006B4675 /* Build configuration list for PBXNativeTarget "TrialMap" */ = {
			isa = XCConfigurationList;
			buildConfigurations = (
				85A195B22B9B6A91006B4675 /* Debug */,
				85A195B32B9B6A91006B4675 /* Release */,
			);
			defaultConfigurationIsVisible = 0;
			defaultConfigurationName = Release;
		};
		85A195B42B9B6A91006B4675 /* Build configuration list for PBXNativeTarget "TrialMapTests" */ = {
			isa = XCConfigurationList;
			buildConfigurations = (
				85A195B52B9B6A91006B4675 /* Debug */,
				85A195B62B9B6A91006B4675 /* Release */,
			);
			defaultConfigurationIsVisible = 0;
			defaultConfigurationName = Release;
		};
		85A195B72B9B6A91006B4675 /* Build configuration list for PBXNativeTarget "TrialMapUITests" */ = {
			isa = XCConfigurationList;
			buildConfigurations = (
				85A195B82B9B6A91006B4675 /* Debug */,
				85A195B92B9B6A91006B4675 /* Release */,
			);
			defaultConfigurationIsVisible = 0;
			defaultConfigurationName = Release;
		};
/* End XCConfigurationList section */

/* Begin XCRemoteSwiftPackageReference section */
		857071A92BAB9F2E0098ABD4 /* XCRemoteSwiftPackageReference "firebase-ios-sdk" */ = {
			isa = XCRemoteSwiftPackageReference;
			repositoryURL = "https://github.com/firebase/firebase-ios-sdk";
			requirement = {
				kind = upToNextMajorVersion;
				minimumVersion = 10.23.0;
			};
		};
/* End XCRemoteSwiftPackageReference section */
	};
	rootObject = 85A195852B9B6A8F006B4675 /* Project object */;
}
